// !$*UTF8*$!
{
	archiveVersion = 1;
	classes = {
	};
	objectVersion = 46;
	objects = {

/* Begin PBXFileReference section */
		ADE794BFA58A0767A7363F9E /* gradle-wrapper.jar */ = {isa = PBXFileReference; lastKnownFileType = archive.jar; path = "gradle-wrapper.jar"; sourceTree = "<group>"; };
		ADE7967BAA59C1B551FFBAEB /* Prefessor.kt */ = {isa = PBXFileReference; lastKnownFileType = file.kt; path = Prefessor.kt; sourceTree = "<group>"; };
		ADE79779D433131E534CB439 /* gradle-wrapper.properties */ = {isa = PBXFileReference; lastKnownFileType = file.properties; path = "gradle-wrapper.properties"; sourceTree = "<group>"; };
		ADE797980600DA5843420ED5 /* prefessor_ios.framework */ = {isa = PBXFileReference; explicitFileType = wrapper.framework; includeInIndex = 0; path = prefessor_ios.framework; sourceTree = BUILT_PRODUCTS_DIR; };
		ADE798ED0955269E3F0198DA /* gradlew */ = {isa = PBXFileReference; lastKnownFileType = text; path = gradlew; sourceTree = "<group>"; };
		ADE79CAF6C064A34A789725C /* build.gradle */ = {isa = PBXFileReference; lastKnownFileType = file.gradle; path = build.gradle; sourceTree = "<group>"; };
/* End PBXFileReference section */

/* Begin PBXGroup section */
		ADE7905B700B769B7C054BE3 /* prefessor-ios */ = {
			isa = PBXGroup;
			children = (
				ADE79CC6ABC4C55A28F0331B /* Supporting Files */,
				ADE79CC15E6F2E7F929A8F6C /* src */,
			);
			path = "prefessor-ios";
			sourceTree = "<group>";
		};
		ADE7913617BD634075B82FF8 /* prefessor */ = {
			isa = PBXGroup;
			children = (
				ADE7967BAA59C1B551FFBAEB /* Prefessor.kt */,
			);
			path = prefessor;
			sourceTree = "<group>";
		};
		ADE79253589E09D69AFBC401 /* digital */ = {
			isa = PBXGroup;
			children = (
				ADE79279B8ADAC08542DEBF4 /* wup */,
			);
			path = digital;
			sourceTree = "<group>";
		};
		ADE79279B8ADAC08542DEBF4 /* wup */ = {
			isa = PBXGroup;
			children = (
				ADE7913617BD634075B82FF8 /* prefessor */,
			);
			path = wup;
			sourceTree = "<group>";
		};
		ADE7957FA44DCCD67A2C31B2 /* main */ = {
			isa = PBXGroup;
			children = (
				ADE797DF59005FB4D31D57EA /* kotlin */,
			);
			path = main;
			sourceTree = "<group>";
		};
		ADE797DF59005FB4D31D57EA /* kotlin */ = {
			isa = PBXGroup;
			children = (
				ADE79253589E09D69AFBC401 /* digital */,
			);
			path = kotlin;
			sourceTree = "<group>";
		};
		ADE79814672407119B04A90C /* wrapper */ = {
			isa = PBXGroup;
			children = (
				ADE79779D433131E534CB439 /* gradle-wrapper.properties */,
				ADE794BFA58A0767A7363F9E /* gradle-wrapper.jar */,
			);
			path = wrapper;
			sourceTree = "<group>";
		};
		ADE798EF94581664A56E45C2 /* gradle */ = {
			isa = PBXGroup;
			children = (
				ADE79814672407119B04A90C /* wrapper */,
			);
			path = gradle;
			sourceTree = "<group>";
		};
		ADE799084706D8F2E78A062F /* Products */ = {
			isa = PBXGroup;
			children = (
				ADE797980600DA5843420ED5 /* prefessor_ios.framework */,
			);
			name = Products;
			sourceTree = "<group>";
		};
		ADE79C5C63130BB11332DF2F = {
			isa = PBXGroup;
			children = (
				ADE799084706D8F2E78A062F /* Products */,
				ADE7905B700B769B7C054BE3 /* prefessor-ios */,
			);
			sourceTree = "<group>";
		};
		ADE79CC15E6F2E7F929A8F6C /* src */ = {
			isa = PBXGroup;
			children = (
				ADE7957FA44DCCD67A2C31B2 /* main */,
			);
			path = src;
			sourceTree = "<group>";
		};
		ADE79CC6ABC4C55A28F0331B /* Supporting Files */ = {
			isa = PBXGroup;
			children = (
				ADE79CAF6C064A34A789725C /* build.gradle */,
				ADE798ED0955269E3F0198DA /* gradlew */,
				ADE798EF94581664A56E45C2 /* gradle */,
			);
			name = "Supporting Files";
			sourceTree = "<group>";
		};
/* End PBXGroup section */

/* Begin PBXNativeTarget section */
		ADE7969B1423E297546DAE6D /* prefessor-ios */ = {
			isa = PBXNativeTarget;
			buildConfigurationList = ADE797C2F5B297E48170A79A /* Build configuration list for PBXNativeTarget "prefessor-ios" */;
			buildPhases = (
				ADE7969C2846541D83541B09 /* Compile Kotlin/Native */,
			);
			buildRules = (
			);
			dependencies = (
			);
			name = "prefessor-ios";
			productName = "prefessor-ios";
			productReference = ADE797980600DA5843420ED5 /* prefessor_ios.framework */;
			productType = "com.apple.product-type.framework";
		};
/* End PBXNativeTarget section */

/* Begin PBXProject section */
		ADE79391671EDDE7FAB01C7B /* Project object */ = {
			isa = PBXProject;
			attributes = {
				ORGANIZATIONNAME = "W.UP Ltd.";
			};
			buildConfigurationList = ADE7992B603375C069EDB33C /* Build configuration list for PBXProject "prefessor-ios" */;
			compatibilityVersion = "Xcode 3.2";
			developmentRegion = English;
			hasScannedForEncodings = 0;
			knownRegions = (
				en,
			);
			mainGroup = ADE79C5C63130BB11332DF2F;
			productRefGroup = ADE799084706D8F2E78A062F /* Products */;
			projectDirPath = "";
			projectRoot = "";
			targets = (
				ADE7969B1423E297546DAE6D /* prefessor-ios */,
			);
		};
/* End PBXProject section */

/* Begin PBXShellScriptBuildPhase section */
		ADE7969C2846541D83541B09 /* Compile Kotlin/Native */ = {
			isa = PBXShellScriptBuildPhase;
			buildActionMask = 2147483647;
			files = (
			);
			inputPaths = (
			);
			name = "Compile Kotlin/Native";
			outputPaths = (
			);
			runOnlyForDeploymentPostprocessing = 0;
			shellPath = /bin/sh;
			shellScript = "cd \"$SRCROOT/$KONAN_PACKAGE_NAME\"; sh -c \". ./gradlew $KONAN_TASK -Pkonan.configuration.build.dir=\\\"$CONFIGURATION_BUILD_DIR\\\" \\\n-Pkonan.debugging.symbols=$DEBUGGING_SYMBOLS -Pkonan.optimizations.enable=$KONAN_ENABLE_OPTIMIZATIONS\"";
		};
/* End PBXShellScriptBuildPhase section */

/* Begin XCBuildConfiguration section */
		ADE791D24A13527BC164BAE1 /* Debug */ = {
			isa = XCBuildConfiguration;
			buildSettings = {
				ALWAYS_SEARCH_USER_PATHS = NO;
				CLANG_ANALYZER_NONNULL = YES;
				CLANG_ANALYZER_NUMBER_OBJECT_CONVERSION = YES_AGGRESSIVE;
				CLANG_CXX_LANGUAGE_STANDARD = "gnu++14";
				CLANG_CXX_LIBRARY = "libc++";
				CLANG_ENABLE_MODULES = YES;
				CLANG_ENABLE_OBJC_ARC = YES;
				CLANG_ENABLE_OBJC_WEAK = YES;
				CLANG_WARN_BLOCK_CAPTURE_AUTORELEASING = YES;
				CLANG_WARN_BOOL_CONVERSION = YES;
				CLANG_WARN_COMMA = YES;
				CLANG_WARN_CONSTANT_CONVERSION = YES;
				CLANG_WARN_DEPRECATED_OBJC_IMPLEMENTATIONS = YES;
				CLANG_WARN_DIRECT_OBJC_ISA_USAGE = YES_ERROR;
				CLANG_WARN_DOCUMENTATION_COMMENTS = YES;
				CLANG_WARN_EMPTY_BODY = YES;
				CLANG_WARN_ENUM_CONVERSION = YES;
				CLANG_WARN_INFINITE_RECURSION = YES;
				CLANG_WARN_INT_CONVERSION = YES;
				CLANG_WARN_NON_LITERAL_NULL_CONVERSION = YES;
				CLANG_WARN_OBJC_IMPLICIT_RETAIN_SELF = YES;
				CLANG_WARN_OBJC_LITERAL_CONVERSION = YES;
				CLANG_WARN_OBJC_ROOT_CLASS = YES_ERROR;
				CLANG_WARN_RANGE_LOOP_ANALYSIS = YES;
				CLANG_WARN_STRICT_PROTOTYPES = YES;
				CLANG_WARN_SUSPICIOUS_MOVE = YES;
				CLANG_WARN_UNGUARDED_AVAILABILITY = YES_AGGRESSIVE;
				CLANG_WARN_UNREACHABLE_CODE = YES;
				CLANG_WARN__DUPLICATE_METHOD_MATCH = YES;
				CODE_SIGN_IDENTITY = "-";
				COPY_PHASE_STRIP = NO;
				DEBUG_INFORMATION_FORMAT = dwarf;
				ENABLE_STRICT_OBJC_MSGSEND = YES;
				ENABLE_TESTABILITY = YES;
				GCC_C_LANGUAGE_STANDARD = gnu11;
				GCC_DYNAMIC_NO_PIC = NO;
				GCC_NO_COMMON_BLOCKS = YES;
				GCC_OPTIMIZATION_LEVEL = 0;
				GCC_PREPROCESSOR_DEFINITIONS = (
					"DEBUG=1",
					"$(inherited)",
				);
				GCC_WARN_64_TO_32_BIT_CONVERSION = YES;
				GCC_WARN_ABOUT_RETURN_TYPE = YES_ERROR;
				GCC_WARN_UNDECLARED_SELECTOR = YES;
				GCC_WARN_UNINITIALIZED_AUTOS = YES_AGGRESSIVE;
				GCC_WARN_UNUSED_FUNCTION = YES;
				GCC_WARN_UNUSED_VARIABLE = YES;
				MACOSX_DEPLOYMENT_TARGET = 10.13;
				MTL_ENABLE_DEBUG_INFO = YES;
				ONLY_ACTIVE_ARCH = YES;
				SDKROOT = macosx;
			};
			name = Debug;
		};
		ADE7951FC776CF96A5D25C99 /* Release */ = {
			isa = XCBuildConfiguration;
			buildSettings = {
				ALWAYS_SEARCH_USER_PATHS = NO;
				CLANG_ANALYZER_NONNULL = YES;
				CLANG_ANALYZER_NUMBER_OBJECT_CONVERSION = YES_AGGRESSIVE;
				CLANG_CXX_LANGUAGE_STANDARD = "gnu++14";
				CLANG_CXX_LIBRARY = "libc++";
				CLANG_ENABLE_MODULES = YES;
				CLANG_ENABLE_OBJC_ARC = YES;
				CLANG_ENABLE_OBJC_WEAK = YES;
				CLANG_WARN_BLOCK_CAPTURE_AUTORELEASING = YES;
				CLANG_WARN_BOOL_CONVERSION = YES;
				CLANG_WARN_COMMA = YES;
				CLANG_WARN_CONSTANT_CONVERSION = YES;
				CLANG_WARN_DEPRECATED_OBJC_IMPLEMENTATIONS = YES;
				CLANG_WARN_DIRECT_OBJC_ISA_USAGE = YES_ERROR;
				CLANG_WARN_DOCUMENTATION_COMMENTS = YES;
				CLANG_WARN_EMPTY_BODY = YES;
				CLANG_WARN_ENUM_CONVERSION = YES;
				CLANG_WARN_INFINITE_RECURSION = YES;
				CLANG_WARN_INT_CONVERSION = YES;
				CLANG_WARN_NON_LITERAL_NULL_CONVERSION = YES;
				CLANG_WARN_OBJC_IMPLICIT_RETAIN_SELF = YES;
				CLANG_WARN_OBJC_LITERAL_CONVERSION = YES;
				CLANG_WARN_OBJC_ROOT_CLASS = YES_ERROR;
				CLANG_WARN_RANGE_LOOP_ANALYSIS = YES;
				CLANG_WARN_STRICT_PROTOTYPES = YES;
				CLANG_WARN_SUSPICIOUS_MOVE = YES;
				CLANG_WARN_UNGUARDED_AVAILABILITY = YES_AGGRESSIVE;
				CLANG_WARN_UNREACHABLE_CODE = YES;
				CLANG_WARN__DUPLICATE_METHOD_MATCH = YES;
				CODE_SIGN_IDENTITY = "-";
				COPY_PHASE_STRIP = NO;
				DEBUG_INFORMATION_FORMAT = "dwarf-with-dsym";
				ENABLE_NS_ASSERTIONS = NO;
				ENABLE_STRICT_OBJC_MSGSEND = YES;
				GCC_C_LANGUAGE_STANDARD = gnu11;
				GCC_NO_COMMON_BLOCKS = YES;
				GCC_WARN_64_TO_32_BIT_CONVERSION = YES;
				GCC_WARN_ABOUT_RETURN_TYPE = YES_ERROR;
				GCC_WARN_UNDECLARED_SELECTOR = YES;
				GCC_WARN_UNINITIALIZED_AUTOS = YES_AGGRESSIVE;
				GCC_WARN_UNUSED_FUNCTION = YES;
				GCC_WARN_UNUSED_VARIABLE = YES;
				MACOSX_DEPLOYMENT_TARGET = 10.13;
				MTL_ENABLE_DEBUG_INFO = NO;
				SDKROOT = macosx;
			};
			name = Release;
		};
		ADE7968BC2A6D10E5FFE4423 /* Release */ = {
			isa = XCBuildConfiguration;
			buildSettings = {
				CODE_SIGN_IDENTITY = "";
				DYLIB_INSTALL_NAME_BASE = "@rpath";
				INSTALL_PATH = "$(LOCAL_LIBRARY_DIR)/Frameworks";
				KONAN_ENABLE_OPTIMIZATIONS = YES;
				KONAN_PACKAGE_NAME = "prefessor-ios";
				KONAN_TASK = "compileKonan$(TARGET_NAME:c99extidentifier)Macos_x64";
				PRODUCT_BUNDLE_IDENTIFIER = "digital.wup.prefessor-ios";
				PRODUCT_MODULE_NAME = "_$(PRODUCT_NAME:c99extidentifier)";
				PRODUCT_NAME = "$(TARGET_NAME:c99extidentifier)";
				SKIP_INSTALL = YES;
			};
			name = Release;
		};
		ADE79BB201AA2346D7F26919 /* Debug */ = {
			isa = XCBuildConfiguration;
			buildSettings = {
				CODE_SIGN_IDENTITY = "";
				DYLIB_INSTALL_NAME_BASE = "@rpath";
				INSTALL_PATH = "$(LOCAL_LIBRARY_DIR)/Frameworks";
				KONAN_ENABLE_OPTIMIZATIONS = NO;
				KONAN_PACKAGE_NAME = "prefessor-ios";
				KONAN_TASK = "compileKonan$(TARGET_NAME:c99extidentifier)Macos_x64";
				PRODUCT_BUNDLE_IDENTIFIER = "digital.wup.prefessor-ios";
				PRODUCT_MODULE_NAME = "_$(PRODUCT_NAME:c99extidentifier)";
				PRODUCT_NAME = "$(TARGET_NAME:c99extidentifier)";
				SKIP_INSTALL = YES;
			};
			name = Debug;
		};
/* End XCBuildConfiguration section */

/* Begin XCConfigurationList section */
		ADE797C2F5B297E48170A79A /* Build configuration list for PBXNativeTarget "prefessor-ios" */ = {
			isa = XCConfigurationList;
			buildConfigurations = (
				ADE79BB201AA2346D7F26919 /* Debug */,
				ADE7968BC2A6D10E5FFE4423 /* Release */,
			);
			defaultConfigurationIsVisible = 0;
		};
		ADE7992B603375C069EDB33C /* Build configuration list for PBXProject "prefessor-ios" */ = {
			isa = XCConfigurationList;
			buildConfigurations = (
				ADE791D24A13527BC164BAE1 /* Debug */,
				ADE7951FC776CF96A5D25C99 /* Release */,
			);
			defaultConfigurationIsVisible = 0;
			defaultConfigurationName = Release;
		};
/* End XCConfigurationList section */
	};
	rootObject = ADE79391671EDDE7FAB01C7B /* Project object */;
}
